
Microsoft Visual Studio Solution File, Format Version 12.00
# Visual Studio Version 17
VisualStudioVersion = 17.7.34221.43
MinimumVisualStudioVersion = 10.0.40219.1
Project("{FAE04EC0-301F-11D3-BF4B-00C04F79EFBC}") = "Asignment6", "Asignment6\Asignment6.csproj", "{D08C5D94-D347-4E26-AB94-5FD24571AF54}"
EndProject
Global
	GlobalSection(SolutionConfigurationPlatforms) = preSolution
		Debug|Any CPU = Debug|Any CPU
		Release|Any CPU = Release|Any CPU
	EndGlobalSection
	GlobalSection(ProjectConfigurationPlatforms) = postSolution
		{D08C5D94-D347-4E26-AB94-5FD24571AF54}.Debug|Any CPU.ActiveCfg = Debug|Any CPU
		{D08C5D94-D347-4E26-AB94-5FD24571AF54}.Debug|Any CPU.Build.0 = Debug|Any CPU
		{D08C5D94-D347-4E26-AB94-5FD24571AF54}.Release|Any CPU.ActiveCfg = Release|Any CPU
		{D08C5D94-D347-4E26-AB94-5FD24571AF54}.Release|Any CPU.Build.0 = Release|Any CPU
	EndGlobalSection
	GlobalSection(SolutionProperties) = preSolution
		HideSolutionNode = FALSE
	EndGlobalSection
	GlobalSection(ExtensibilityGlobals) = postSolution
		SolutionGuid = {3DFCB9F8-9473-4DBC-8D78-64FCE7C9B217}
	EndGlobalSection
EndGlobal
